{
  "version": 4,
  "terraform_version": "1.4.6",
  "serial": 26,
  "lineage": "12010f0b-fb3a-0ea5-876c-99f2af2064d8",
  "outputs": {
    "service_one_security_group_arn": {
      "value": "arn:aws:ec2:ap-southeast-1:668827167344:security-group/sg-03c4bb4cdc32c987a",
      "type": "string"
    },
    "service_one_security_group_id": {
      "value": "sg-03c4bb4cdc32c987a",
      "type": "string"
    },
    "service_tow_security_group_arn": {
      "value": "arn:aws:ec2:ap-southeast-1:668827167344:security-group/sg-07a443f6dd5aea116",
      "type": "string"
    },
    "service_two_security_group_id": {
      "value": "sg-07a443f6dd5aea116",
      "type": "string"
    }
  },
  "resources": [
    {
      "mode": "data",
      "type": "aws_security_group",
      "name": "default",
      "provider": "provider[\"registry.terraform.io/hashicorp/aws\"]",
      "instances": [
        {
          "schema_version": 0,
          "attributes": {
            "arn": "arn:aws:ec2:ap-southeast-1:668827167344:security-group/sg-0bd53c6ffe9b98d04",
            "description": "default VPC security group",
            "filter": null,
            "id": "sg-0bd53c6ffe9b98d04",
            "name": "default",
            "tags": {},
            "vpc_id": "vpc-0408bf7effb871ee3"
          },
          "sensitive_attributes": []
        }
      ]
    },
    {
      "mode": "data",
      "type": "aws_vpc",
      "name": "default",
      "provider": "provider[\"registry.terraform.io/hashicorp/aws\"]",
      "instances": [
        {
          "schema_version": 0,
          "attributes": {
            "arn": "arn:aws:ec2:ap-southeast-1:668827167344:vpc/vpc-0408bf7effb871ee3",
            "cidr_block": "172.31.0.0/16",
            "cidr_block_associations": [
              {
                "association_id": "vpc-cidr-assoc-0856d810fd3a95718",
                "cidr_block": "172.31.0.0/16",
                "state": "associated"
              }
            ],
            "default": true,
            "dhcp_options_id": "dopt-0ffcc5ba734c98069",
            "enable_dns_hostnames": true,
            "enable_dns_support": true,
            "filter": null,
            "id": "vpc-0408bf7effb871ee3",
            "instance_tenancy": "default",
            "ipv6_association_id": "",
            "ipv6_cidr_block": "",
            "main_route_table_id": "rtb-05c04467efdadbc11",
            "owner_id": "668827167344",
            "state": null,
            "tags": {}
          },
          "sensitive_attributes": []
        }
      ]
    },
    {
      "mode": "managed",
      "type": "aws_security_group",
      "name": "service_one",
      "provider": "provider[\"registry.terraform.io/hashicorp/aws\"]",
      "instances": [
        {
          "schema_version": 1,
          "attributes": {
            "arn": "arn:aws:ec2:ap-southeast-1:668827167344:security-group/sg-03c4bb4cdc32c987a",
            "description": "Allow access from service two",
            "egress": [],
            "id": "sg-03c4bb4cdc32c987a",
            "ingress": [],
            "name": "service_one",
            "name_prefix": "",
            "owner_id": "668827167344",
            "revoke_rules_on_delete": false,
            "tags": null,
            "tags_all": {},
            "timeouts": null,
            "vpc_id": "vpc-0408bf7effb871ee3"
          },
          "sensitive_attributes": [],
          "private": "eyJlMmJmYjczMC1lY2FhLTExZTYtOGY4OC0zNDM2M2JjN2M0YzAiOnsiY3JlYXRlIjo2MDAwMDAwMDAwMDAsImRlbGV0ZSI6OTAwMDAwMDAwMDAwfSwic2NoZW1hX3ZlcnNpb24iOiIxIn0="
        }
      ]
    },
    {
      "mode": "managed",
      "type": "aws_security_group",
      "name": "service_two",
      "provider": "provider[\"registry.terraform.io/hashicorp/aws\"]",
      "instances": [
        {
          "schema_version": 1,
          "attributes": {
            "arn": "arn:aws:ec2:ap-southeast-1:668827167344:security-group/sg-07a443f6dd5aea116",
            "description": "Allow access from service one",
            "egress": [],
            "id": "sg-07a443f6dd5aea116",
            "ingress": [],
            "name": "service_two",
            "name_prefix": "",
            "owner_id": "668827167344",
            "revoke_rules_on_delete": false,
            "tags": null,
            "tags_all": {},
            "timeouts": null,
            "vpc_id": "vpc-0408bf7effb871ee3"
          },
          "sensitive_attributes": [],
          "private": "eyJlMmJmYjczMC1lY2FhLTExZTYtOGY4OC0zNDM2M2JjN2M0YzAiOnsiY3JlYXRlIjo2MDAwMDAwMDAwMDAsImRlbGV0ZSI6OTAwMDAwMDAwMDAwfSwic2NoZW1hX3ZlcnNpb24iOiIxIn0="
        }
      ]
    }
  ],
  "check_results": null
}
